// !$*UTF8*$!
{
	archiveVersion = 1;
	classes = {
	};
	objectVersion = 46;
	objects = {

/* Begin PBXBuildFile section */
		E309A8AC1CA1B3F500351FFB /* MemeDetailViewController.swift in Sources */ = {isa = PBXBuildFile; fileRef = E309A8AB1CA1B3F500351FFB /* MemeDetailViewController.swift */; };
		E31C10C51C89950C001D9233 /* Impact.ttf in Resources */ = {isa = PBXBuildFile; fileRef = E31C10C41C89950C001D9233 /* Impact.ttf */; };
		E31C10C71C8F48E5001D9233 /* MemeModel.swift in Sources */ = {isa = PBXBuildFile; fileRef = E31C10C61C8F48E5001D9233 /* MemeModel.swift */; };
		E31C10EF1C9720C6001D9233 /* SentMemeListViewController.swift in Sources */ = {isa = PBXBuildFile; fileRef = E31C10EE1C9720C6001D9233 /* SentMemeListViewController.swift */; };
		E31C10F11C972443001D9233 /* MemeAttributes.swift in Sources */ = {isa = PBXBuildFile; fileRef = E31C10F01C972443001D9233 /* MemeAttributes.swift */; };
		E31C10F31C974521001D9233 /* SentMemeGridViewController.swift in Sources */ = {isa = PBXBuildFile; fileRef = E31C10F21C974521001D9233 /* SentMemeGridViewController.swift */; };
		E3CA84361C84635D001698E8 /* AppDelegate.swift in Sources */ = {isa = PBXBuildFile; fileRef = E3CA84351C84635D001698E8 /* AppDelegate.swift */; };
		E3CA84381C84635D001698E8 /* MemeEditorViewController.swift in Sources */ = {isa = PBXBuildFile; fileRef = E3CA84371C84635D001698E8 /* MemeEditorViewController.swift */; };
		E3CA843B1C84635D001698E8 /* Main.storyboard in Resources */ = {isa = PBXBuildFile; fileRef = E3CA84391C84635D001698E8 /* Main.storyboard */; };
		E3CA843D1C84635D001698E8 /* Assets.xcassets in Resources */ = {isa = PBXBuildFile; fileRef = E3CA843C1C84635D001698E8 /* Assets.xcassets */; };
		E3CA84401C84635D001698E8 /* LaunchScreen.storyboard in Resources */ = {isa = PBXBuildFile; fileRef = E3CA843E1C84635D001698E8 /* LaunchScreen.storyboard */; };
/* End PBXBuildFile section */

/* Begin PBXFileReference section */
		E309A8AB1CA1B3F500351FFB /* MemeDetailViewController.swift */ = {isa = PBXFileReference; fileEncoding = 4; lastKnownFileType = sourcecode.swift; path = MemeDetailViewController.swift; sourceTree = "<group>"; };
		E31C10C41C89950C001D9233 /* Impact.ttf */ = {isa = PBXFileReference; lastKnownFileType = file; path = Impact.ttf; sourceTree = "<group>"; };
		E31C10C61C8F48E5001D9233 /* MemeModel.swift */ = {isa = PBXFileReference; fileEncoding = 4; lastKnownFileType = sourcecode.swift; path = MemeModel.swift; sourceTree = "<group>"; };
		E31C10EE1C9720C6001D9233 /* SentMemeListViewController.swift */ = {isa = PBXFileReference; fileEncoding = 4; lastKnownFileType = sourcecode.swift; path = SentMemeListViewController.swift; sourceTree = "<group>"; };
		E31C10F01C972443001D9233 /* MemeAttributes.swift */ = {isa = PBXFileReference; fileEncoding = 4; lastKnownFileType = sourcecode.swift; path = MemeAttributes.swift; sourceTree = "<group>"; };
		E31C10F21C974521001D9233 /* SentMemeGridViewController.swift */ = {isa = PBXFileReference; fileEncoding = 4; lastKnownFileType = sourcecode.swift; path = SentMemeGridViewController.swift; sourceTree = "<group>"; };
		E3CA84321C84635D001698E8 /* Meme Me.app */ = {isa = PBXFileReference; explicitFileType = wrapper.application; includeInIndex = 0; path = "Meme Me.app"; sourceTree = BUILT_PRODUCTS_DIR; };
		E3CA84351C84635D001698E8 /* AppDelegate.swift */ = {isa = PBXFileReference; lastKnownFileType = sourcecode.swift; path = AppDelegate.swift; sourceTree = "<group>"; };
		E3CA84371C84635D001698E8 /* MemeEditorViewController.swift */ = {isa = PBXFileReference; lastKnownFileType = sourcecode.swift; path = MemeEditorViewController.swift; sourceTree = "<group>"; };
		E3CA843A1C84635D001698E8 /* Base */ = {isa = PBXFileReference; lastKnownFileType = file.storyboard; name = Base; path = Base.lproj/Main.storyboard; sourceTree = "<group>"; };
		E3CA843C1C84635D001698E8 /* Assets.xcassets */ = {isa = PBXFileReference; lastKnownFileType = folder.assetcatalog; path = Assets.xcassets; sourceTree = "<group>"; };
		E3CA843F1C84635D001698E8 /* Base */ = {isa = PBXFileReference; lastKnownFileType = file.storyboard; name = Base; path = Base.lproj/LaunchScreen.storyboard; sourceTree = "<group>"; };
		E3CA84411C84635D001698E8 /* Info.plist */ = {isa = PBXFileReference; lastKnownFileType = text.plist.xml; path = Info.plist; sourceTree = "<group>"; };
/* End PBXFileReference section */

/* Begin PBXFrameworksBuildPhase section */
		E3CA842F1C84635D001698E8 /* Frameworks */ = {
			isa = PBXFrameworksBuildPhase;
			buildActionMask = 2147483647;
			files = (
			);
			runOnlyForDeploymentPostprocessing = 0;
		};
/* End PBXFrameworksBuildPhase section */

/* Begin PBXGroup section */
		E31C10C11C899339001D9233 /* Resources */ = {
			isa = PBXGroup;
			children = (
				E31C10C41C89950C001D9233 /* Impact.ttf */,
			);
			name = Resources;
			sourceTree = "<group>";
		};
		E3CA84291C84635D001698E8 = {
			isa = PBXGroup;
			children = (
				E3CA84341C84635D001698E8 /* Meme Me */,
				E3CA84331C84635D001698E8 /* Products */,
			);
			sourceTree = "<group>";
		};
		E3CA84331C84635D001698E8 /* Products */ = {
			isa = PBXGroup;
			children = (
				E3CA84321C84635D001698E8 /* Meme Me.app */,
			);
			name = Products;
			sourceTree = "<group>";
		};
		E3CA84341C84635D001698E8 /* Meme Me */ = {
			isa = PBXGroup;
			children = (
				E31C10C11C899339001D9233 /* Resources */,
				E3CA84351C84635D001698E8 /* AppDelegate.swift */,
				E3CA84371C84635D001698E8 /* MemeEditorViewController.swift */,
				E3CA84391C84635D001698E8 /* Main.storyboard */,
				E3CA843C1C84635D001698E8 /* Assets.xcassets */,
				E3CA843E1C84635D001698E8 /* LaunchScreen.storyboard */,
				E3CA84411C84635D001698E8 /* Info.plist */,
				E31C10C61C8F48E5001D9233 /* MemeModel.swift */,
				E31C10EE1C9720C6001D9233 /* SentMemeListViewController.swift */,
				E31C10F01C972443001D9233 /* MemeAttributes.swift */,
				E31C10F21C974521001D9233 /* SentMemeGridViewController.swift */,
				E309A8AB1CA1B3F500351FFB /* MemeDetailViewController.swift */,
			);
			path = "Meme Me";
			sourceTree = "<group>";
		};
/* End PBXGroup section */

/* Begin PBXNativeTarget section */
		E3CA84311C84635D001698E8 /* Meme Me */ = {
			isa = PBXNativeTarget;
			buildConfigurationList = E3CA84441C84635D001698E8 /* Build configuration list for PBXNativeTarget "Meme Me" */;
			buildPhases = (
				E3CA842E1C84635D001698E8 /* Sources */,
				E3CA842F1C84635D001698E8 /* Frameworks */,
				E3CA84301C84635D001698E8 /* Resources */,
			);
			buildRules = (
			);
			dependencies = (
			);
			name = "Meme Me";
			productName = "Meme Me";
			productReference = E3CA84321C84635D001698E8 /* Meme Me.app */;
			productType = "com.apple.product-type.application";
		};
/* End PBXNativeTarget section */

/* Begin PBXProject section */
		E3CA842A1C84635D001698E8 /* Project object */ = {
			isa = PBXProject;
			attributes = {
				LastSwiftUpdateCheck = 0720;
				LastUpgradeCheck = 0720;
				ORGANIZATIONNAME = "Maarut Chandegra";
				TargetAttributes = {
					E3CA84311C84635D001698E8 = {
						CreatedOnToolsVersion = 7.2.1;
					};
				};
			};
			buildConfigurationList = E3CA842D1C84635D001698E8 /* Build configuration list for PBXProject "Meme Me" */;
			compatibilityVersion = "Xcode 3.2";
			developmentRegion = English;
			hasScannedForEncodings = 0;
			knownRegions = (
				en,
				Base,
			);
			mainGroup = E3CA84291C84635D001698E8;
			productRefGroup = E3CA84331C84635D001698E8 /* Products */;
			projectDirPath = "";
			projectRoot = "";
			targets = (
				E3CA84311C84635D001698E8 /* Meme Me */,
			);
		};
/* End PBXProject section */

/* Begin PBXResourcesBuildPhase section */
		E3CA84301C84635D001698E8 /* Resources */ = {
			isa = PBXResourcesBuildPhase;
			buildActionMask = 2147483647;
			files = (
				E31C10C51C89950C001D9233 /* Impact.ttf in Resources */,
				E3CA84401C84635D001698E8 /* LaunchScreen.storyboard in Resources */,
				E3CA843D1C84635D001698E8 /* Assets.xcassets in Resources */,
				E3CA843B1C84635D001698E8 /* Main.storyboard in Resources */,
			);
			runOnlyForDeploymentPostprocessing = 0;
		};
/* End PBXResourcesBuildPhase section */

/* Begin PBXSourcesBuildPhase section */
		E3CA842E1C84635D001698E8 /* Sources */ = {
			isa = PBXSourcesBuildPhase;
			buildActionMask = 2147483647;
			files = (
				E31C10F11C972443001D9233 /* MemeAttributes.swift in Sources */,
				E3CA84381C84635D001698E8 /* MemeEditorViewController.swift in Sources */,
				E31C10C71C8F48E5001D9233 /* MemeModel.swift in Sources */,
				E31C10EF1C9720C6001D9233 /* SentMemeListViewController.swift in Sources */,
				E309A8AC1CA1B3F500351FFB /* MemeDetailViewController.swift in Sources */,
				E31C10F31C974521001D9233 /* SentMemeGridViewController.swift in Sources */,
				E3CA84361C84635D001698E8 /* AppDelegate.swift in Sources */,
			);
			runOnlyForDeploymentPostprocessing = 0;
		};
/* End PBXSourcesBuildPhase section */

/* Begin PBXVariantGroup section */
		E3CA84391C84635D001698E8 /* Main.storyboard */ = {
			isa = PBXVariantGroup;
			children = (
				E3CA843A1C84635D001698E8 /* Base */,
			);
			name = Main.storyboard;
			sourceTree = "<group>";
		};
		E3CA843E1C84635D001698E8 /* LaunchScreen.storyboard */ = {
			isa = PBXVariantGroup;
			children = (
				E3CA843F1C84635D001698E8 /* Base */,
			);
			name = LaunchScreen.storyboard;
			sourceTree = "<group>";
		};
/* End PBXVariantGroup section */

/* Begin XCBuildConfiguration section */
		E3CA84421C84635D001698E8 /* Debug */ = {
			isa = XCBuildConfiguration;
			buildSettings = {
				ALWAYS_SEARCH_USER_PATHS = NO;
				CLANG_CXX_LANGUAGE_STANDARD = "gnu++0x";
				CLANG_CXX_LIBRARY = "libc++";
				CLANG_ENABLE_MODULES = YES;
				CLANG_ENABLE_OBJC_ARC = YES;
				CLANG_WARN_BOOL_CONVERSION = YES;
				CLANG_WARN_CONSTANT_CONVERSION = YES;
				CLANG_WARN_DIRECT_OBJC_ISA_USAGE = YES_ERROR;
				CLANG_WARN_EMPTY_BODY = YES;
				CLANG_WARN_ENUM_CONVERSION = YES;
				CLANG_WARN_INT_CONVERSION = YES;
				CLANG_WARN_OBJC_ROOT_CLASS = YES_ERROR;
				CLANG_WARN_UNREACHABLE_CODE = YES;
				CLANG_WARN__DUPLICATE_METHOD_MATCH = YES;
				"CODE_SIGN_IDENTITY[sdk=iphoneos*]" = "iPhone Developer";
				COPY_PHASE_STRIP = NO;
				DEBUG_INFORMATION_FORMAT = dwarf;
				ENABLE_STRICT_OBJC_MSGSEND = YES;
				ENABLE_TESTABILITY = YES;
				GCC_C_LANGUAGE_STANDARD = gnu99;
				GCC_DYNAMIC_NO_PIC = NO;
				GCC_NO_COMMON_BLOCKS = YES;
				GCC_OPTIMIZATION_LEVEL = 0;
				GCC_PREPROCESSOR_DEFINITIONS = (
					"DEBUG=1",
					"$(inherited)",
				);
				GCC_WARN_64_TO_32_BIT_CONVERSION = YES;
				GCC_WARN_ABOUT_RETURN_TYPE = YES_ERROR;
				GCC_WARN_UNDECLARED_SELECTOR = YES;
				GCC_WARN_UNINITIALIZED_AUTOS = YES_AGGRESSIVE;
				GCC_WARN_UNUSED_FUNCTION = YES;
				GCC_WARN_UNUSED_VARIABLE = YES;
				IPHONEOS_DEPLOYMENT_TARGET = 9.2;
				MTL_ENABLE_DEBUG_INFO = YES;
				ONLY_ACTIVE_ARCH = YES;
				SDKROOT = iphoneos;
				SWIFT_OPTIMIZATION_LEVEL = "-Onone";
				TARGETED_DEVICE_FAMILY = "1,2";
			};
			name = Debug;
		};
		E3CA84431C84635D001698E8 /* Release */ = {
			isa = XCBuildConfiguration;
			buildSettings = {
				ALWAYS_SEARCH_USER_PATHS = NO;
				CLANG_CXX_LANGUAGE_STANDARD = "gnu++0x";
				CLANG_CXX_LIBRARY = "libc++";
				CLANG_ENABLE_MODULES = YES;
				CLANG_ENABLE_OBJC_ARC = YES;
				CLANG_WARN_BOOL_CONVERSION = YES;
				CLANG_WARN_CONSTANT_CONVERSION = YES;
				CLANG_WARN_DIRECT_OBJC_ISA_USAGE = YES_ERROR;
				CLANG_WARN_EMPTY_BODY = YES;
				CLANG_WARN_ENUM_CONVERSION = YES;
				CLANG_WARN_INT_CONVERSION = YES;
				CLANG_WARN_OBJC_ROOT_CLASS = YES_ERROR;
				CLANG_WARN_UNREACHABLE_CODE = YES;
				CLANG_WARN__DUPLICATE_METHOD_MATCH = YES;
				"CODE_SIGN_IDENTITY[sdk=iphoneos*]" = "iPhone Developer";
				COPY_PHASE_STRIP = NO;
				DEBUG_INFORMATION_FORMAT = "dwarf-with-dsym";
				ENABLE_NS_ASSERTIONS = NO;
				ENABLE_STRICT_OBJC_MSGSEND = YES;
				GCC_C_LANGUAGE_STANDARD = gnu99;
				GCC_NO_COMMON_BLOCKS = YES;
				GCC_WARN_64_TO_32_BIT_CONVERSION = YES;
				GCC_WARN_ABOUT_RETURN_TYPE = YES_ERROR;
				GCC_WARN_UNDECLARED_SELECTOR = YES;
				GCC_WARN_UNINITIALIZED_AUTOS = YES_AGGRESSIVE;
				GCC_WARN_UNUSED_FUNCTION = YES;
				GCC_WARN_UNUSED_VARIABLE = YES;
				IPHONEOS_DEPLOYMENT_TARGET = 9.2;
				MTL_ENABLE_DEBUG_INFO = NO;
				SDKROOT = iphoneos;
				TARGETED_DEVICE_FAMILY = "1,2";
				VALIDATE_PRODUCT = YES;
			};
			name = Release;
		};
		E3CA84451C84635D001698E8 /* Debug */ = {
			isa = XCBuildConfiguration;
			buildSettings = {
				ASSETCATALOG_COMPILER_APPICON_NAME = AppIcon;
				INFOPLIST_FILE = "Meme Me/Info.plist";
				LD_RUNPATH_SEARCH_PATHS = "$(inherited) @executable_path/Frameworks";
				PRODUCT_BUNDLE_IDENTIFIER = "net.maarut.Meme-Me";
				PRODUCT_NAME = "$(TARGET_NAME)";
			};
			name = Debug;
		};
		E3CA84461C84635D001698E8 /* Release */ = {
			isa = XCBuildConfiguration;
			buildSettings = {
				ASSETCATALOG_COMPILER_APPICON_NAME = AppIcon;
				INFOPLIST_FILE = "Meme Me/Info.plist";
				LD_RUNPATH_SEARCH_PATHS = "$(inherited) @executable_path/Frameworks";
				PRODUCT_BUNDLE_IDENTIFIER = "net.maarut.Meme-Me";
				PRODUCT_NAME = "$(TARGET_NAME)";
			};
			name = Release;
		};
/* End XCBuildConfiguration section */

/* Begin XCConfigurationList section */
		E3CA842D1C84635D001698E8 /* Build configuration list for PBXProject "Meme Me" */ = {
			isa = XCConfigurationList;
			buildConfigurations = (
				E3CA84421C84635D001698E8 /* Debug */,
				E3CA84431C84635D001698E8 /* Release */,
			);
			defaultConfigurationIsVisible = 0;
			defaultConfigurationName = Release;
		};
		E3CA84441C84635D001698E8 /* Build configuration list for PBXNativeTarget "Meme Me" */ = {
			isa = XCConfigurationList;
			buildConfigurations = (
				E3CA84451C84635D001698E8 /* Debug */,
				E3CA84461C84635D001698E8 /* Release */,
			);
			defaultConfigurationIsVisible = 0;
			defaultConfigurationName = Release;
		};
/* End XCConfigurationList section */
	};
	rootObject = E3CA842A1C84635D001698E8 /* Project object */;
}
